# This file is automatically @generated by Cargo.
# It is not intended for manual editing.
version = 4

[[package]]
name = "adore"
version = "0.1.0"

[[package]]
name = "dsp"
version = "0.1.0"

[[package]]
name = "engine"
version = "0.1.0"

[[package]]
name = "graph"
version = "0.1.0"

[[package]]
name = "io"
version = "0.1.0"

[[package]]
name = "project"
version = "0.1.0"

[[package]]
name = "ui"
version = "0.1.0"
